
Microsoft Visual Studio Solution File, Format Version 12.00
# Visual Studio 2012
Project("{FAE04EC0-301F-11D3-BF4B-00C04F79EFBC}") = "CapaNegocios", "CapaNegocios\CapaNegocios.csproj", "{0D047725-6AED-4F89-9B14-6E222C4C122E}"
EndProject
Global
	GlobalSection(SolutionConfigurationPlatforms) = preSolution
		Debug|Any CPU = Debug|Any CPU
		Release|Any CPU = Release|Any CPU
	EndGlobalSection
	GlobalSection(ProjectConfigurationPlatforms) = postSolution
		{0D047725-6AED-4F89-9B14-6E222C4C122E}.Debug|Any CPU.ActiveCfg = Debug|Any CPU
		{0D047725-6AED-4F89-9B14-6E222C4C122E}.Debug|Any CPU.Build.0 = Debug|Any CPU
		{0D047725-6AED-4F89-9B14-6E222C4C122E}.Release|Any CPU.ActiveCfg = Release|Any CPU
		{0D047725-6AED-4F89-9B14-6E222C4C122E}.Release|Any CPU.Build.0 = Release|Any CPU
	EndGlobalSection
	GlobalSection(SolutionProperties) = preSolution
		HideSolutionNode = FALSE
	EndGlobalSection
EndGlobal
